PODS:
  - Flutter (1.0.0)
  - otp_consent (0.0.1):
    - Flutter

DEPENDENCIES:
  - Flutter (from `Flutter`)
  - otp_consent (from `.symlinks/plugins/otp_consent/ios`)

EXTERNAL SOURCES:
  Flutter:
    :path: Flutter
  otp_consent:
    :path: ".symlinks/plugins/otp_consent/ios"

SPEC CHECKSUMS:
  Flutter: 0e3d915762c693b495b44d77113d4970485de6ec
  otp_consent: 2ecd9147c6e824dae71d948accd78b3755ff017d

PODFILE CHECKSUM: 1b66dae606f75376c5f2135a8290850eeb09ae83

COCOAPODS: 1.9.3
